
Microsoft Visual Studio Solution File, Format Version 12.00
# Visual Studio Version 16
VisualStudioVersion = 16.0.29613.14
MinimumVisualStudioVersion = 10.0.40219.1
Project("{FAE04EC0-301F-11D3-BF4B-00C04F79EFBC}") = "TransformerToWords", "TransformerToWords\TransformerToWords.csproj", "{A6C968E7-1731-4720-8F6B-0E9B8AA0E77D}"
EndProject
Project("{FAE04EC0-301F-11D3-BF4B-00C04F79EFBC}") = "TransformerToWords.Tests", "TransformerToWords.Tests\TransformerToWords.Tests.csproj", "{1E39B431-C476-41EE-9D43-6361D8CA84B6}"
EndProject
Global
	GlobalSection(SolutionConfigurationPlatforms) = preSolution
		Debug|Any CPU = Debug|Any CPU
		Release|Any CPU = Release|Any CPU
	EndGlobalSection
	GlobalSection(ProjectConfigurationPlatforms) = postSolution
		{A6C968E7-1731-4720-8F6B-0E9B8AA0E77D}.Debug|Any CPU.ActiveCfg = Debug|Any CPU
		{A6C968E7-1731-4720-8F6B-0E9B8AA0E77D}.Debug|Any CPU.Build.0 = Debug|Any CPU
		{A6C968E7-1731-4720-8F6B-0E9B8AA0E77D}.Release|Any CPU.ActiveCfg = Release|Any CPU
		{A6C968E7-1731-4720-8F6B-0E9B8AA0E77D}.Release|Any CPU.Build.0 = Release|Any CPU
		{1E39B431-C476-41EE-9D43-6361D8CA84B6}.Debug|Any CPU.ActiveCfg = Debug|Any CPU
		{1E39B431-C476-41EE-9D43-6361D8CA84B6}.Debug|Any CPU.Build.0 = Debug|Any CPU
		{1E39B431-C476-41EE-9D43-6361D8CA84B6}.Release|Any CPU.ActiveCfg = Release|Any CPU
		{1E39B431-C476-41EE-9D43-6361D8CA84B6}.Release|Any CPU.Build.0 = Release|Any CPU
	EndGlobalSection
	GlobalSection(SolutionProperties) = preSolution
		HideSolutionNode = FALSE
	EndGlobalSection
	GlobalSection(ExtensibilityGlobals) = postSolution
		SolutionGuid = {4659C1C4-7F09-4453-87A1-1B6C5C67F900}
	EndGlobalSection
EndGlobal
