
Microsoft Visual Studio Solution File, Format Version 12.00
# Visual Studio Version 16
VisualStudioVersion = 16.0.29613.14
MinimumVisualStudioVersion = 10.0.40219.1
Project("{9A19103F-16F7-4668-BE54-9A1E7A4F7556}") = "TransformerToWords", "TransformerToWords\TransformerToWords.csproj", "{A6C968E7-1731-4720-8F6B-0E9B8AA0E77D}"
EndProject
Project("{9A19103F-16F7-4668-BE54-9A1E7A4F7556}") = "TransformerToWords.Tests", "TransformerToWords.Tests\TransformerToWords.Tests.csproj", "{1E39B431-C476-41EE-9D43-6361D8CA84B6}"
EndProject
Project("{9A19103F-16F7-4668-BE54-9A1E7A4F7556}") = "FilterArrayByKeyWithPartial", "FilterArrayByKeyWithPartial\FilterArrayByKeyWithPartial.csproj", "{B88166AE-580B-416C-AC76-184FCD511842}"
EndProject
Project("{9A19103F-16F7-4668-BE54-9A1E7A4F7556}") = "FilterArrayByPolindrom", "FilterArrayByPolindrom\FilterArrayByPolindrom.csproj", "{F2ACD82F-BF41-41B5-B5EF-67DAB85F768F}"
EndProject
Project("{9A19103F-16F7-4668-BE54-9A1E7A4F7556}") = "FilterArrayByKeyWithPartial.Tests", "FilterArrayByKeyWithPartial.Tests\FilterArrayByKeyWithPartial.Tests.csproj", "{E4ACE1CE-135C-473E-AE09-640503688A9F}"
EndProject
Project("{9A19103F-16F7-4668-BE54-9A1E7A4F7556}") = "FilterArrayByPolindrom.Tests", "FilterArrayByPolindromTests\FilterArrayByPolindrom.Tests.csproj", "{0CD71495-2000-4216-829D-8F447FE6C528}"
EndProject
Project("{9A19103F-16F7-4668-BE54-9A1E7A4F7556}") = "PolynomialTask", "PolynomialTask\PolynomialTask.csproj", "{C3484EF4-C1B8-4165-9166-616C1F45C0B8}"
EndProject
Project("{9A19103F-16F7-4668-BE54-9A1E7A4F7556}") = "PolymomialTask.Tests", "PolymomialTask.Tests\PolymomialTask.Tests.csproj", "{1A3C4390-0A05-40A7-A73A-123521EFC960}"
EndProject
Global
	GlobalSection(SolutionConfigurationPlatforms) = preSolution
		Debug|Any CPU = Debug|Any CPU
		Release|Any CPU = Release|Any CPU
	EndGlobalSection
	GlobalSection(ProjectConfigurationPlatforms) = postSolution
		{A6C968E7-1731-4720-8F6B-0E9B8AA0E77D}.Debug|Any CPU.ActiveCfg = Debug|Any CPU
		{A6C968E7-1731-4720-8F6B-0E9B8AA0E77D}.Debug|Any CPU.Build.0 = Debug|Any CPU
		{A6C968E7-1731-4720-8F6B-0E9B8AA0E77D}.Release|Any CPU.ActiveCfg = Release|Any CPU
		{A6C968E7-1731-4720-8F6B-0E9B8AA0E77D}.Release|Any CPU.Build.0 = Release|Any CPU
		{1E39B431-C476-41EE-9D43-6361D8CA84B6}.Debug|Any CPU.ActiveCfg = Debug|Any CPU
		{1E39B431-C476-41EE-9D43-6361D8CA84B6}.Debug|Any CPU.Build.0 = Debug|Any CPU
		{1E39B431-C476-41EE-9D43-6361D8CA84B6}.Release|Any CPU.ActiveCfg = Release|Any CPU
		{1E39B431-C476-41EE-9D43-6361D8CA84B6}.Release|Any CPU.Build.0 = Release|Any CPU
		{B88166AE-580B-416C-AC76-184FCD511842}.Debug|Any CPU.ActiveCfg = Debug|Any CPU
		{B88166AE-580B-416C-AC76-184FCD511842}.Debug|Any CPU.Build.0 = Debug|Any CPU
		{B88166AE-580B-416C-AC76-184FCD511842}.Release|Any CPU.ActiveCfg = Release|Any CPU
		{B88166AE-580B-416C-AC76-184FCD511842}.Release|Any CPU.Build.0 = Release|Any CPU
		{F2ACD82F-BF41-41B5-B5EF-67DAB85F768F}.Debug|Any CPU.ActiveCfg = Debug|Any CPU
		{F2ACD82F-BF41-41B5-B5EF-67DAB85F768F}.Debug|Any CPU.Build.0 = Debug|Any CPU
		{F2ACD82F-BF41-41B5-B5EF-67DAB85F768F}.Release|Any CPU.ActiveCfg = Release|Any CPU
		{F2ACD82F-BF41-41B5-B5EF-67DAB85F768F}.Release|Any CPU.Build.0 = Release|Any CPU
		{E4ACE1CE-135C-473E-AE09-640503688A9F}.Debug|Any CPU.ActiveCfg = Debug|Any CPU
		{E4ACE1CE-135C-473E-AE09-640503688A9F}.Debug|Any CPU.Build.0 = Debug|Any CPU
		{E4ACE1CE-135C-473E-AE09-640503688A9F}.Release|Any CPU.ActiveCfg = Release|Any CPU
		{E4ACE1CE-135C-473E-AE09-640503688A9F}.Release|Any CPU.Build.0 = Release|Any CPU
		{0CD71495-2000-4216-829D-8F447FE6C528}.Debug|Any CPU.ActiveCfg = Debug|Any CPU
		{0CD71495-2000-4216-829D-8F447FE6C528}.Debug|Any CPU.Build.0 = Debug|Any CPU
		{0CD71495-2000-4216-829D-8F447FE6C528}.Release|Any CPU.ActiveCfg = Release|Any CPU
		{0CD71495-2000-4216-829D-8F447FE6C528}.Release|Any CPU.Build.0 = Release|Any CPU
		{C3484EF4-C1B8-4165-9166-616C1F45C0B8}.Debug|Any CPU.ActiveCfg = Debug|Any CPU
		{C3484EF4-C1B8-4165-9166-616C1F45C0B8}.Debug|Any CPU.Build.0 = Debug|Any CPU
		{C3484EF4-C1B8-4165-9166-616C1F45C0B8}.Release|Any CPU.ActiveCfg = Release|Any CPU
		{C3484EF4-C1B8-4165-9166-616C1F45C0B8}.Release|Any CPU.Build.0 = Release|Any CPU
		{1A3C4390-0A05-40A7-A73A-123521EFC960}.Debug|Any CPU.ActiveCfg = Debug|Any CPU
		{1A3C4390-0A05-40A7-A73A-123521EFC960}.Debug|Any CPU.Build.0 = Debug|Any CPU
		{1A3C4390-0A05-40A7-A73A-123521EFC960}.Release|Any CPU.ActiveCfg = Release|Any CPU
		{1A3C4390-0A05-40A7-A73A-123521EFC960}.Release|Any CPU.Build.0 = Release|Any CPU
	EndGlobalSection
	GlobalSection(SolutionProperties) = preSolution
		HideSolutionNode = FALSE
	EndGlobalSection
	GlobalSection(ExtensibilityGlobals) = postSolution
		SolutionGuid = {4659C1C4-7F09-4453-87A1-1B6C5C67F900}
	EndGlobalSection
EndGlobal
